dario.cat/mergo v1.0.1 h1:Ra4+bf83h2ztPIQYNP99R6m+Y7KfnARDfID+a+vLl4s=
dario.cat/mergo v1.0.1/go.mod h1:uNxQE+84aUszobStD9th8a29P2fMDhsBdgRYvZOxGmk=
github.com/BurntSushi/locker v0.0.0-20171006230638-a6e239ea1c69 h1:+tu3HOoMXB7RXEINRVIpxJCT+KdYiI7LAEAUrOw3dIU=
github.com/BurntSushi/locker v0.0.0-20171006230638-a6e239ea1c69/go.mod h1:L1AbZdiDllfyYH5l5OkAaZtk7VkWe89bPJFmnDBNHxg=
github.com/alecthomas/chroma/v2 v2.15.0 h1:LxXTQHFoYrstG2nnV9y2X5O94sOBzf0CIUpSTbpxvMc=
github.com/alecthomas/chroma/v2 v2.15.0/go.mod h1:gUhVLrPDXPtp/f+L1jo9xepo9gL4eLwRuGAunSZMkio=
github.com/armon/go-radix v1.0.1-0.20221118154546-54df44f2176c h1:651/eoCRnQ7YtSjAnSzRucrJz+3iGEFt+ysraELS81M=
github.com/armon/go-radix v1.0.1-0.20221118154546-54df44f2176c/go.mod h1:ufUuZ+zHj4x4TnLV4JWEpy2hxWSpsRywHrMgIH9cCH8=
github.com/bep/clocks v0.5.0 h1:hhvKVGLPQWRVsBP/UB7ErrHYIO42gINVbvqxvYTPVps=
github.com/bep/clocks v0.5.0/go.mod h1:SUq3q+OOq41y2lRQqH5fsOoxN8GbxSiT6jvoVVLCVhU=
github.com/bep/debounce v1.2.1 h1:v67fRdBA9UQu2NhLFXrSg0Brw7CexQekrBwDMM8bzeY=
github.com/bep/debounce v1.2.1/go.mod h1:H8yggRPQKLUhUoqrJC1bO2xNya7vanpDl7xR3ISbCJ0=
github.com/bep/gitmap v1.6.0 h1:sDuQMm9HoTL0LtlrfxjbjgAg2wHQd4nkMup2FInYzhA=
github.com/bep/gitmap v1.6.0/go.mod h1:n+3W1f/rot2hynsqEGxGMErPRgT41n9CkGuzPvz9cIw=
github.com/bep/goat v0.5.0 h1:S8jLXHCVy/EHIoCY+btKkmcxcXFd34a0Q63/0D4TKeA=
github.com/bep/goat v0.5.0/go.mod h1:Md9x7gRxiWKs85yHlVTvHQw9rg86Bm+Y4SuYE8CTH7c=
github.com/bep/godartsass/v2 v2.3.2 h1:meuc76J1C1soSCAnlnJRdGqJ5S4m6/GW+8hmOe9tOog=
github.com/bep/godartsass/v2 v2.3.2/go.mod h1:Qe5WOS9nVJy7G0jHssXPd3c+Pqk/f7+Tm6k/vahbVgs=
github.com/bep/golibsass v1.2.0 h1:nyZUkKP/0psr8nT6GR2cnmt99xS93Ji82ZD9AgOK6VI=
github.com/bep/golibsass v1.2.0/go.mod h1:DL87K8Un/+pWUS75ggYv41bliGiolxzDKWJAq3eJ1MA=
github.com/bep/gowebp v0.4.0 h1:QihuVnvIKbRoeBNQkN0JPMM8ClLmD6V2jMftTFwSK3Q=
github.com/bep/gowebp v0.4.0/go.mod h1:95gtYkAA8iIn1t3HkAPurRCVGV/6NhgaHJ1urz0iIwc=
github.com/bep/imagemeta v0.8.3 h1:68XqpYXjWW9mFjdGurutDmAKBJa9y2aknEBHwY/+3zw=
github.com/bep/imagemeta v0.8.3/go.mod h1:5piPAq5Qomh07m/dPPCLN3mDJyFusvUG7VwdRD/vX0s=
github.com/bep/lazycache v0.7.0 h1:VM257SkkjcR9z55eslXTkUIX8QMNKoqQRNKV/4xIkCY=
github.com/bep/lazycache v0.7.0/go.mod h1:NmRm7Dexh3pmR1EignYR8PjO2cWybFQ68+QgY3VMCSc=
github.com/bep/logg v0.4.0 h1:luAo5mO4ZkhA5M1iDVDqDqnBBnlHjmtZF6VAyTp+nCQ=
github.com/bep/logg v0.4.0/go.mod h1:Ccp9yP3wbR1mm++Kpxet91hAZBEQgmWgFgnXX3GkIV0=
github.com/bep/overlayfs v0.9.2 h1:qJEmFInsW12L7WW7dOTUhnMfyk/fN9OCDEO5Gr8HSDs=
github.com/bep/overlayfs v0.9.2/go.mod h1:aYY9W7aXQsGcA7V9x/pzeR8LjEgIxbtisZm8Q7zPz40=
github.com/bep/tmc v0.5.1 h1:CsQnSC6MsomH64gw0cT5f+EwQDcvZz4AazKunFwTpuI=
github.com/bep/tmc v0.5.1/go.mod h1:tGYHN8fS85aJPhDLgXETVKp+PR382OvFi2+q2GkGsq0=
github.com/cespare/xxhash/v2 v2.3.0 h1:UL815xU9SqsFlibzuggzjXhog7bL6oX9BbNZnL2UFvs=
github.com/cespare/xxhash/v2 v2.3.0/go.mod h1:VGX0DQ3Q6kWi7AoAeZDth3/j3BFtOZR5XLFGgcrjCOs=
github.com/clbanning/mxj/v2 v2.7.0 h1:WA/La7UGCanFe5NpHF0Q3DNtnCsVoxbPKuyBNHWRyME=
github.com/clbanning/mxj/v2 v2.7.0/go.mod h1:hNiWqW14h+kc+MdF9C6/YoRfjEJoR3ou6tn/Qo+ve2s=
github.com/cli/safeexec v1.0.1 h1:e/C79PbXF4yYTN/wauC4tviMxEV13BwljGj0N9j+N00=
github.com/cli/safeexec v1.0.1/go.mod h1:Z/D4tTN8Vs5gXYHDCbaM1S/anmEDnJb1iW0+EJ5zx3Q=
github.com/creack/pty v1.1.24 h1:bJrF4RRfyJnbTJqzRLHzcGaZK1NeM5kTC9jGgovnR1s=
github.com/creack/pty v1.1.24/go.mod h1:08sCNb52WyoAwi2QDyzUCTgcvVFhUzewun7wtTfvcwE=
github.com/davecgh/go-spew v1.1.1 h1:vj9j/u1bqnvCEfJOwUhtlOARqs3+rkHYY13jYWTU97c=
github.com/davecgh/go-spew v1.1.1/go.mod h1:J7Y8YcW2NihsgmVo/mv3lAwl/skON4iLHjSsI+c5H38=
github.com/disintegration/gift v1.2.1 h1:Y005a1X4Z7Uc+0gLpSAsKhWi4qLtsdEcMIbbdvdZ6pc=
github.com/disintegration/gift v1.2.1/go.mod h1:Jh2i7f7Q2BM7Ezno3PhfezbR1xpUg9dUg3/RlKGr4HI=
github.com/dlclark/regexp2 v1.11.4 h1:rPYF9/LECdNymJufQKmri9gV604RvvABwgOA8un7yAo=
github.com/dlclark/regexp2 v1.11.4/go.mod h1:DHkYz0B9wPfa6wondMfaivmHpzrQ3v9q8cnmRbL6yW8=
github.com/evanw/esbuild v0.24.2 h1:PQExybVBrjHjN6/JJiShRGIXh1hWVm6NepVnhZhrt0A=
github.com/evanw/esbuild v0.24.2/go.mod h1:D2vIQZqV/vIf/VRHtViaUtViZmG7o+kKmlBfVQuRi48=
github.com/fatih/color v1.18.0 h1:S8gINlzdQ840/4pfAwic/ZE0djQEH3wM94VfqLTZcOM=
github.com/fatih/color v1.18.0/go.mod h1:4FelSpRwEGDpQ12mAdzqdOukCy4u8WUtOY6lkT/6HfU=
github.com/frankban/quicktest v1.7.2/go.mod h1:jaStnuzAqU1AJdCO0l53JDCJrVDKcS03DbaAcR7Ks/o=
github.com/frankban/quicktest v1.14.6 h1:7Xjx+VpznH+oBnejlPUj8oUpdxnVs4f8XU8WnHkI4W8=
github.com/frankban/quicktest v1.14.6/go.mod h1:4ptaffx2x8+WTWXmUCuVU6aPUX1/Mz7zb5vbUoiM6w0=
github.com/fsnotify/fsnotify v1.8.0 h1:dAwr6QBTBZIkG8roQaJjGof0pp0EeF+tNV7YBP3F/8M=
github.com/fsnotify/fsnotify v1.8.0/go.mod h1:8jBTzvmWwFyi3Pb8djgCCO5IBqzKJ/Jwo8TRcHyHii0=
github.com/getkin/kin-openapi v0.127.0 h1:Mghqi3Dhryf3F8vR370nN67pAERW+3a95vomb3MAREY=
github.com/getkin/kin-openapi v0.127.0/go.mod h1:OZrfXzUfGrNbsKj+xmFBx6E5c6yH3At/tAKSc2UszXM=
github.com/ghodss/yaml v1.0.0 h1:wQHKEahhL6wmXdzwWG11gIVCkOv05bNOh+Rxn0yngAk=
github.com/ghodss/yaml v1.0.0/go.mod h1:4dBDuWmgqj2HViK6kFavaiC9ZROes6MMH2rRYeMEF04=
github.com/go-openapi/jsonpointer v0.21.0 h1:YgdVicSA9vH5RiHs9TZW5oyafXZFc6+2Vc1rr/O9oNQ=
github.com/go-openapi/jsonpointer v0.21.0/go.mod h1:IUyH9l/+uyhIYQ/PXVA41Rexl+kOkAPDdXEYns6fzUY=
github.com/go-openapi/swag v0.23.0 h1:vsEVJDUo2hPJ2tu0/Xc+4noaxyEffXNIs3cOULZ+GrE=
github.com/go-openapi/swag v0.23.0/go.mod h1:esZ8ITTYEsH1V2trKHjAN8Ai7xHb8RV+YSZ577vPjgQ=
github.com/gobuffalo/flect v1.0.3 h1:xeWBM2nui+qnVvNM4S3foBhCAL2XgPU+a7FdpelbTq4=
github.com/gobuffalo/flect v1.0.3/go.mod h1:A5msMlrHtLqh9umBSnvabjsMrCcCpAyzglnDvkbYKHs=
github.com/gobwas/glob v0.2.3 h1:A4xDbljILXROh+kObIiy5kIaPYD8e96x1tgBhUI5J+Y=
github.com/gobwas/glob v0.2.3/go.mod h1:d3Ez4x06l9bZtSvzIay5+Yzi0fmZzPgnTbPcKjJAkT8=
github.com/gohugoio/go-i18n/v2 v2.1.3-0.20230805085216-e63c13218d0e h1:QArsSubW7eDh8APMXkByjQWvuljwPGAGQpJEFn0F0wY=
github.com/gohugoio/go-i18n/v2 v2.1.3-0.20230805085216-e63c13218d0e/go.mod h1:3Ltoo9Banwq0gOtcOwxuHG6omk+AwsQPADyw2vQYOJQ=
github.com/gohugoio/hashstructure v0.3.0 h1:orHavfqnBv0ffQmobOp41Y9HKEMcjrR/8EFAzpngmGs=
github.com/gohugoio/hashstructure v0.3.0/go.mod h1:8ohPTAfQLTs2WdzB6k9etmQYclDUeNsIHGPAFejbsEA=
github.com/gohugoio/httpcache v0.7.0 h1:ukPnn04Rgvx48JIinZvZetBfHaWE7I01JR2Q2RrQ3Vs=
github.com/gohugoio/httpcache v0.7.0/go.mod h1:fMlPrdY/vVJhAriLZnrF5QpN3BNAcoBClgAyQd+lGFI=
github.com/gohugoio/hugo v0.143.1 h1:ingkoWPWp2bguLOth0l6z6rpqCnAZ0tODl1PuxATeA4=
github.com/gohugoio/hugo v0.143.1/go.mod h1:G0uwM5aRUXN4cbnqrDQx9Dlgmf/ukUpPADajL8FbL9M=
github.com/gohugoio/hugo-goldmark-extensions/extras v0.2.0 h1:MNdY6hYCTQEekY0oAfsxWZU1CDt6iH+tMLgyMJQh/sg=
github.com/gohugoio/hugo-goldmark-extensions/extras v0.2.0/go.mod h1:oBdBVuiZ0fv9xd8xflUgt53QxW5jOCb1S+xntcN4SKo=
github.com/gohugoio/hugo-goldmark-extensions/passthrough v0.3.0 h1:7PY5PIJ2mck7v6R52yCFvvYHvsPMEbulgRviw3I9lP4=
github.com/gohugoio/hugo-goldmark-extensions/passthrough v0.3.0/go.mod h1:r8g5S7bHfdj0+9ShBog864ufCsVODKQZNjYYY8OnJpM=
github.com/gohugoio/locales v0.14.0 h1:Q0gpsZwfv7ATHMbcTNepFd59H7GoykzWJIxi113XGDc=
github.com/gohugoio/locales v0.14.0/go.mod h1:ip8cCAv/cnmVLzzXtiTpPwgJ4xhKZranqNqtoIu0b/4=
github.com/gohugoio/localescompressed v1.0.1 h1:KTYMi8fCWYLswFyJAeOtuk/EkXR/KPTHHNN9OS+RTxo=
github.com/gohugoio/localescompressed v1.0.1/go.mod h1:jBF6q8D7a0vaEmcWPNcAjUZLJaIVNiwvM3WlmTvooB0=
github.com/google/go-cmp v0.3.1/go.mod h1:8QqcDgzrUqlUb/G2PQTWiueGozuR1884gddMywk6iLU=
github.com/google/go-cmp v0.6.0 h1:ofyhxvXcZhMsU5ulbFiLKl/XBFqE1GSq7atu8tAmTRI=
github.com/google/go-cmp v0.6.0/go.mod h1:17dUlkBOakJ0+DkrSSNjCkIjxS6bF9zb3elmeNGIjoY=
github.com/hairyhenderson/go-codeowners v0.7.0 h1:s0W4wF8bdsBEjTWzwzSlsatSthWtTAF2xLgo4a4RwAo=
github.com/hairyhenderson/go-codeowners v0.7.0/go.mod h1:wUlNgQ3QjqC4z8DnM5nnCYVq/icpqXJyJOukKx5U8/Q=
github.com/hashicorp/golang-lru/v2 v2.0.7 h1:a+bsQ5rvGLjzHuww6tVxozPZFVghXaHOwFs4luLUK2k=
github.com/hashicorp/golang-lru/v2 v2.0.7/go.mod h1:QeFd9opnmA6QUJc5vARoKUSoFhyfM2/ZepoAG6RGpeM=
github.com/invopop/yaml v0.3.1 h1:f0+ZpmhfBSS4MhG+4HYseMdJhoeeopbSKbq5Rpeelso=
github.com/invopop/yaml v0.3.1/go.mod h1:PMOp3nn4/12yEZUFfmOuNHJsZToEEOwoWsT+D81KkeA=
github.com/jdkato/prose v1.2.1 h1:Fp3UnJmLVISmlc57BgKUzdjr0lOtjqTZicL3PaYy6cU=
github.com/jdkato/prose v1.2.1/go.mod h1:AiRHgVagnEx2JbQRQowVBKjG0bcs/vtkGCH1dYAL1rA=
github.com/josharian/intern v1.0.0 h1:vlS4z54oSdjm0bgjRigI+G1HpF+tI+9rE5LLzOg8HmY=
github.com/josharian/intern v1.0.0/go.mod h1:5DoeVV0s6jJacbCEi61lwdGj/aVlrQvzHFFd8Hwg//Y=
github.com/kr/pretty v0.1.0/go.mod h1:dAy3ld7l9f0ibDNOQOHHMYYIIbhfbHSm3C4ZsoJORNo=
github.com/kr/pretty v0.2.1/go.mod h1:ipq/a2n7PKx3OHsz4KJII5eveXtPO4qwEXGdVfWzfnI=
github.com/kr/pretty v0.3.1 h1:flRD4NNwYAUpkphVc1HcthR4KEIFJ65n8Mw5qdRn3LE=
github.com/kr/pretty v0.3.1/go.mod h1:hoEshYVHaxMs3cyo3Yncou5ZscifuDolrwPKZanG3xk=
github.com/kr/pty v1.1.1/go.mod h1:pFQYn66WHrOpPYNljwOMqo10TkYh1fy3cYio2l3bCsQ=
github.com/kr/text v0.1.0/go.mod h1:4Jbv+DJW3UT/LiOwJeYQe1efqtUx/iVham/4vfdArNI=
github.com/kr/text v0.2.0 h1:5Nx0Ya0ZqY2ygV366QzturHI13Jq95ApcVaJBhpS+AY=
github.com/kr/text v0.2.0/go.mod h1:eLer722TekiGuMkidMxC/pM04lWEeraHUUmBw8l2grE=
github.com/kyokomi/emoji/v2 v2.2.13 h1:GhTfQa67venUUvmleTNFnb+bi7S3aocF7ZCXU9fSO7U=
github.com/kyokomi/emoji/v2 v2.2.13/go.mod h1:JUcn42DTdsXJo1SWanHh4HKDEyPaR5CqkmoirZZP9qE=
github.com/mailru/easyjson v0.7.7 h1:UGYAvKxe3sBsEDzO8ZeWOSlIQfWFlxbzLZe7hwFURr0=
github.com/mailru/easyjson v0.7.7/go.mod h1:xzfreul335JAWq5oZzymOObrkdz5UnU4kGfJJLY9Nlc=
github.com/makeworld-the-better-one/dither/v2 v2.4.0 h1:Az/dYXiTcwcRSe59Hzw4RI1rSnAZns+1msaCXetrMFE=
github.com/makeworld-the-better-one/dither/v2 v2.4.0/go.mod h1:VBtN8DXO7SNtyGmLiGA7IsFeKrBkQPze1/iAeM95arc=
github.com/marekm4/color-extractor v1.2.1 h1:3Zb2tQsn6bITZ8MBVhc33Qn1k5/SEuZ18mrXGUqIwn0=
github.com/marekm4/color-extractor v1.2.1/go.mod h1:90VjmiHI6M8ez9eYUaXLdcKnS+BAOp7w+NpwBdkJmpA=
github.com/mattn/go-colorable v0.1.14 h1:9A9LHSqF/7dyVVX6g0U9cwm9pG3kP9gSzcuIPHPsaIE=
github.com/mattn/go-colorable v0.1.14/go.mod h1:6LmQG8QLFO4G5z1gPvYEzlUgJ2wF+stgPZH1UqBm1s8=
github.com/mattn/go-isatty v0.0.20 h1:xfD0iDuEKnDkl03q4limB+vH+GxLEtL/jb4xVJSWWEY=
github.com/mattn/go-isatty v0.0.20/go.mod h1:W+V8PltTTMOvKvAeJH7IuucS94S2C6jfK/D7dTCTo3Y=
github.com/mattn/go-runewidth v0.0.16 h1:E5ScNMtiwvlvB5paMFdw9p4kSQzbXFikJ5SQO6TULQc=
github.com/mattn/go-runewidth v0.0.16/go.mod h1:Jdepj2loyihRzMpdS35Xk/zdY8IAYHsh153qUoGf23w=
github.com/mitchellh/mapstructure v1.5.1-0.20231216201459-8508981c8b6c h1:cqn374mizHuIWj+OSJCajGr/phAmuMug9qIX3l9CflE=
github.com/mitchellh/mapstructure v1.5.1-0.20231216201459-8508981c8b6c/go.mod h1:bFUtVrKA4DC2yAKiSyO/QUcy7e+RRV2QTWOzhPopBRo=
github.com/mohae/deepcopy v0.0.0-20170929034955-c48cc78d4826 h1:RWengNIwukTxcDr9M+97sNutRR1RKhG96O6jWumTTnw=
github.com/mohae/deepcopy v0.0.0-20170929034955-c48cc78d4826/go.mod h1:TaXosZuwdSHYgviHp1DAtfrULt5eUgsSMsZf+YrPgl8=
github.com/muesli/smartcrop v0.3.0 h1:JTlSkmxWg/oQ1TcLDoypuirdE8Y/jzNirQeLkxpA6Oc=
github.com/muesli/smartcrop v0.3.0/go.mod h1:i2fCI/UorTfgEpPPLWiFBv4pye+YAG78RwcQLUkocpI=
github.com/niklasfasching/go-org v1.7.0 h1:vyMdcMWWTe/XmANk19F4k8XGBYg0GQ/gJGMimOjGMek=
github.com/niklasfasching/go-org v1.7.0/go.mod h1:WuVm4d45oePiE0eX25GqTDQIt/qPW1T9DGkRscqLW5o=
github.com/olekukonko/tablewriter v0.0.5 h1:P2Ga83D34wi1o9J6Wh1mRuqd4mF/x/lgBS7N7AbDhec=
github.com/olekukonko/tablewriter v0.0.5/go.mod h1:hPp6KlRPjbx+hW8ykQs1w3UBbZlj6HuIJcUGPhkA7kY=
github.com/pbnjay/memory v0.0.0-20210728143218-7b4eea64cf58 h1:onHthvaw9LFnH4t2DcNVpwGmV9E1BkGknEliJkfwQj0=
github.com/pbnjay/memory v0.0.0-20210728143218-7b4eea64cf58/go.mod h1:DXv8WO4yhMYhSNPKjeNKa5WY9YCIEBRbNzFFPJbWO6Y=
github.com/pelletier/go-toml v1.9.5 h1:4yBQzkHv+7BHq2PQUZF3Mx0IYxG7LsP222s7Agd3ve8=
github.com/pelletier/go-toml v1.9.5/go.mod h1:u1nR/EPcESfeI/szUZKdtJ0xRNbUoANCkoOuaOx1Y+c=
github.com/pelletier/go-toml/v2 v2.2.3 h1:YmeHyLY8mFWbdkNWwpr+qIL2bEqT0o95WSdkNHvL12M=
github.com/pelletier/go-toml/v2 v2.2.3/go.mod h1:MfCQTFTvCcUyyvvwm1+G6H/jORL20Xlb6rzQu9GuUkc=
github.com/perimeterx/marshmallow v1.1.5 h1:a2LALqQ1BlHM8PZblsDdidgv1mWi1DgC2UmX50IvK2s=
github.com/perimeterx/marshmallow v1.1.5/go.mod h1:dsXbUu8CRzfYP5a87xpp0xq9S3u0Vchtcl8we9tYaXw=
github.com/pkg/errors v0.9.1 h1:FEBLx1zS214owpjy7qsBeixbURkuhQAwrK5UwLGTwt4=
github.com/pkg/errors v0.9.1/go.mod h1:bwawxfHBFNV+L2hUp1rHADufV3IMtnDRdf1r5NINEl0=
github.com/pmezard/go-difflib v1.0.0 h1:4DBwDE0NGyQoBHbLQYPwSUPoCMWR5BEzIk/f1lZbAQM=
github.com/pmezard/go-difflib v1.0.0/go.mod h1:iKH77koFhYxTK1pcRnkKkqfTogsbg7gZNVY4sRDYZ/4=
github.com/rivo/uniseg v0.2.0/go.mod h1:J6wj4VEh+S6ZtnVlnTBMWIodfgj8LQOQFoIToxlJtxc=
github.com/rivo/uniseg v0.4.7 h1:WUdvkW8uEhrYfLC4ZzdpI2ztxP1I582+49Oc5Mq64VQ=
github.com/rivo/uniseg v0.4.7/go.mod h1:FN3SvrM+Zdj16jyLfmOkMNblXMcoc8DfTHruCPUcx88=
github.com/rogpeppe/go-internal v1.13.1 h1:KvO1DLK/DRN07sQ1LQKScxyZJuNnedQ5/wKSR38lUII=
github.com/rogpeppe/go-internal v1.13.1/go.mod h1:uMEvuHeurkdAXX61udpOXGD/AzZDWNMNyH2VO9fmH0o=
github.com/spf13/afero v1.12.0 h1:UcOPyRBYczmFn6yvphxkn9ZEOY65cpwGKb5mL36mrqs=
github.com/spf13/afero v1.12.0/go.mod h1:ZTlWwG4/ahT8W7T0WQ5uYmjI9duaLQGy3Q2OAl4sk/4=
github.com/spf13/cast v1.7.1 h1:cuNEagBQEHWN1FnbGEjCXL2szYEXqfJPbP2HNUaca9Y=
github.com/spf13/cast v1.7.1/go.mod h1:ancEpBxwJDODSW/UG4rDrAqiKolqNNh2DX3mk86cAdo=
github.com/stretchr/testify v1.10.0 h1:Xv5erBjTwe/5IxqUQTdXv5kgmIvbHo3QQyRwhJsOfJA=
github.com/stretchr/testify v1.10.0/go.mod h1:r2ic/lqez/lEtzL7wO/rwa5dbSLXVDPFyf8C91i36aY=
github.com/tdewolff/minify/v2 v2.20.37 h1:Q97cx4STXCh1dlWDlNHZniE8BJ2EBL0+2b0n92BJQhw=
github.com/tdewolff/minify/v2 v2.20.37/go.mod h1:L1VYef/jwKw6Wwyk5A+T0mBjjn3mMPgmjjA688RNsxU=
github.com/tdewolff/parse/v2 v2.7.20 h1:Y33JmRLjyGhX5JRvYh+CO6Sk6pGMw3iO5eKGhUhx8JE=
github.com/tdewolff/parse/v2 v2.7.20/go.mod h1:3FbJWZp3XT9OWVN3Hmfp0p/a08v4h8J9W1aghka0soA=
github.com/tdewolff/test v1.0.11-0.20231101010635-f1265d231d52/go.mod h1:6DAvZliBAAnD7rhVgwaM7DE5/d9NMOAJ09SqYqeK4QE=
github.com/tdewolff/test v1.0.11-0.20240106005702-7de5f7df4739 h1:IkjBCtQOOjIn03u/dMQK9g+Iw9ewps4mCl1nB8Sscbo=
github.com/tdewolff/test v1.0.11-0.20240106005702-7de5f7df4739/go.mod h1:XPuWBzvdUzhCuxWO1ojpXsyzsA5bFoS3tO/Q3kFuTG8=
github.com/tetratelabs/wazero v1.8.2 h1:yIgLR/b2bN31bjxwXHD8a3d+BogigR952csSDdLYEv4=
github.com/tetratelabs/wazero v1.8.2/go.mod h1:yAI0XTsMBhREkM/YDAK/zNou3GoiAce1P6+rp/wQhjs=
github.com/yuin/goldmark v1.7.8 h1:iERMLn0/QJeHFhxSt3p6PeN9mGnvIKSpG9YYorDMnic=
github.com/yuin/goldmark v1.7.8/go.mod h1:uzxRWxtg69N339t3louHJ7+O03ezfj6PlliRlaOzY1E=
github.com/yuin/goldmark-emoji v1.0.4 h1:vCwMkPZSNefSUnOW2ZKRUjBSD5Ok3W78IXhGxxAEF90=
github.com/yuin/goldmark-emoji v1.0.4/go.mod h1:tTkZEbwu5wkPmgTcitqddVxY9osFZiavD+r4AzQrh1U=
golang.org/x/exp v0.0.0-20240909161429-701f63a606c0 h1:e66Fs6Z+fZTbFBAxKfP3PALWBtpfqks2bwGcexMxgtk=
golang.org/x/exp v0.0.0-20240909161429-701f63a606c0/go.mod h1:2TbTHSBQa924w8M6Xs1QcRcFwyucIwBGpK1p2f1YFFY=
golang.org/x/image v0.22.0 h1:UtK5yLUzilVrkjMAZAZ34DXGpASN8i8pj8g+O+yd10g=
golang.org/x/image v0.22.0/go.mod h1:9hPFhljd4zZ1GNSIZJ49sqbp45GKK9t6w+iXvGqZUz4=
golang.org/x/mod v0.22.0 h1:D4nJWe9zXqHOmWqj4VMOJhvzj7bEZg4wEYa759z1pH4=
golang.org/x/mod v0.22.0/go.mod h1:6SkKJ3Xj0I0BrPOZoBy3bdMptDDU9oJrpohJ3eWZ1fY=
golang.org/x/net v0.34.0 h1:Mb7Mrk043xzHgnRM88suvJFwzVrRfHEHJEl5/71CKw0=
golang.org/x/net v0.34.0/go.mod h1:di0qlW3YNM5oh6GqDGQr92MyTozJPmybPK4Ev/Gm31k=
golang.org/x/sync v0.11.0 h1:GGz8+XQP4FvTTrjZPzNKTMFtSXH80RAzG+5ghFPgK9w=
golang.org/x/sync v0.11.0/go.mod h1:Czt+wKu1gCyEFDUtn0jG5QVvpJ6rzVqr5aXyt9drQfk=
golang.org/x/sys v0.6.0/go.mod h1:oPkhp1MJrh7nUepCBck5+mAzfO9JrbApNNgaTdGDITg=
golang.org/x/sys v0.30.0 h1:QjkSwP/36a20jFYWkSue1YwXzLmsV5Gfq7Eiy72C1uc=
golang.org/x/sys v0.30.0/go.mod h1:/VUhepiaJMQUp4+oa/7Zr1D23ma6VTLIYjOOTFZPUcA=
golang.org/x/text v0.22.0 h1:bofq7m3/HAFvbF51jz3Q9wLg3jkvSPuiZu/pD1XwgtM=
golang.org/x/text v0.22.0/go.mod h1:YRoo4H8PVmsu+E3Ou7cqLVH8oXWIHVoX0jqUWALQhfY=
golang.org/x/tools v0.29.0 h1:Xx0h3TtM9rzQpQuR4dKLrdglAmCEN5Oi+P74JdhdzXE=
golang.org/x/tools v0.29.0/go.mod h1:KMQVMRsVxU6nHCFXrBPhDB8XncLNLM0lIy/F14RP588=
google.golang.org/protobuf v1.36.5 h1:tPhr+woSbjfYvY6/GPufUoYizxw1cF/yFoxJ2fmpwlM=
google.golang.org/protobuf v1.36.5/go.mod h1:9fA7Ob0pmnwhb644+1+CVWFRbNajQ6iRojtC/QF5bRE=
gopkg.in/check.v1 v0.0.0-20161208181325-20d25e280405/go.mod h1:Co6ibVJAznAaIkqp8huTwlJQCZ016jof/cbN4VW5Yz0=
gopkg.in/check.v1 v1.0.0-20201130134442-10cb98267c6c h1:Hei/4ADfdWqJk1ZMxUNpqntNwaWcugrBjAiHlqqRiVk=
gopkg.in/check.v1 v1.0.0-20201130134442-10cb98267c6c/go.mod h1:JHkPIbrfpd72SG/EVd6muEfDQjcINNoR0C8j2r3qZ4Q=
gopkg.in/yaml.v2 v2.4.0 h1:D8xgwECY7CYvx+Y2n4sBz93Jn9JRvxdiyyo8CTfuKaY=
gopkg.in/yaml.v2 v2.4.0/go.mod h1:RDklbk79AGWmwhnvt/jBztapEOGDOx6ZbXqjP6csGnQ=
gopkg.in/yaml.v3 v3.0.1 h1:fxVm/GzAzEWqLHuvctI91KS9hhNmmWOoWu0XTYJS7CA=
gopkg.in/yaml.v3 v3.0.1/go.mod h1:K4uyk7z7BCEPqu6E+C64Yfv1cQ7kz7rIZviUmN+EgEM=
rsc.io/qr v0.2.0 h1:6vBLea5/NRMVTz8V66gipeLycZMl/+UlFmk8DvqQ6WY=
rsc.io/qr v0.2.0/go.mod h1:IF+uZjkb9fqyeF/4tlBoynqmQxUoPfWEKh921coOuXs=
