# This file is autogenerated, do not edit; changes may be undone by the next 'dep ensure'.


[[projects]]
  name = "github.com/fatih/color"
  packages = ["."]
  revision = "570b54cabe6b8eb0bc2dfce68d964677d63b5260"
  version = "v1.5.0"

[[projects]]
  name = "github.com/fsnotify/fsnotify"
  packages = ["."]
  revision = "629574ca2a5df945712d3079857300b5e4da0236"
  version = "v1.4.2"

[[projects]]
  name = "github.com/mattn/go-colorable"
  packages = ["."]
  revision = "5411d3eea5978e6cdc258b30de592b60df6aba96"

[[projects]]
  name = "github.com/mattn/go-isatty"
  packages = ["."]
  revision = "57fdcb988a5c543893cc61bce354a6e24ab70022"

[[projects]]
  name = "github.com/pelletier/go-toml"
  packages = ["."]
  revision = "16398bac157da96aa88f98a2df640c7f32af1da2"
  version = "v1.0.1"

[[projects]]
  name = "golang.org/x/sys"
  packages = ["unix"]
  revision = "e24f485414aeafb646f6fca458b0bf869c0880a1"

[solve-meta]
  analyzer-name = "dep"
  analyzer-version = 1
  inputs-digest = "1fed4c96c23f8b5656a4b5a48979c6a9ff1b41665e4c794de74b330de998d49c"
  solver-name = "gps-cdcl"
  solver-version = 1
